
Microsoft Visual Studio Solution File, Format Version 12.00
# Visual Studio Version 16
VisualStudioVersion = 16.0.29728.190
MinimumVisualStudioVersion = 10.0.40219.1
Project("{FAE04EC0-301F-11D3-BF4B-00C04F79EFBC}") = "WebBanSach_2_0.Data", "WebBanSach_2.0.Data\WebBanSach_2_0.Data.csproj", "{B05F3DCE-8D15-4D99-BDD5-AECC1EAA8C88}"
EndProject
Project("{FAE04EC0-301F-11D3-BF4B-00C04F79EFBC}") = "WebBanSach_2_0.Model", "WebBanSach_2.0.Model\WebBanSach_2_0.Model.csproj", "{E7023F39-5DBF-4445-A577-2BF11CC16011}"
EndProject
Project("{FAE04EC0-301F-11D3-BF4B-00C04F79EFBC}") = "WebBanSach_2_0.Web", "WebBanSach_2.0.Web\WebBanSach_2_0.Web.csproj", "{C7FEA38D-74AA-42B1-83CC-185DFBED0978}"
EndProject
Project("{FAE04EC0-301F-11D3-BF4B-00C04F79EFBC}") = "WebBanSach_2_0.Service", "WebBanSach_2.0.Service\WebBanSach_2_0.Service.csproj", "{67541DED-21B0-49DA-B4AC-8BFEF202E166}"
EndProject
Global
	GlobalSection(SolutionConfigurationPlatforms) = preSolution
		Debug|Any CPU = Debug|Any CPU
		Release|Any CPU = Release|Any CPU
	EndGlobalSection
	GlobalSection(ProjectConfigurationPlatforms) = postSolution
		{B05F3DCE-8D15-4D99-BDD5-AECC1EAA8C88}.Debug|Any CPU.ActiveCfg = Debug|Any CPU
		{B05F3DCE-8D15-4D99-BDD5-AECC1EAA8C88}.Debug|Any CPU.Build.0 = Debug|Any CPU
		{B05F3DCE-8D15-4D99-BDD5-AECC1EAA8C88}.Release|Any CPU.ActiveCfg = Release|Any CPU
		{B05F3DCE-8D15-4D99-BDD5-AECC1EAA8C88}.Release|Any CPU.Build.0 = Release|Any CPU
		{E7023F39-5DBF-4445-A577-2BF11CC16011}.Debug|Any CPU.ActiveCfg = Debug|Any CPU
		{E7023F39-5DBF-4445-A577-2BF11CC16011}.Debug|Any CPU.Build.0 = Debug|Any CPU
		{E7023F39-5DBF-4445-A577-2BF11CC16011}.Release|Any CPU.ActiveCfg = Release|Any CPU
		{E7023F39-5DBF-4445-A577-2BF11CC16011}.Release|Any CPU.Build.0 = Release|Any CPU
		{C7FEA38D-74AA-42B1-83CC-185DFBED0978}.Debug|Any CPU.ActiveCfg = Debug|Any CPU
		{C7FEA38D-74AA-42B1-83CC-185DFBED0978}.Debug|Any CPU.Build.0 = Debug|Any CPU
		{C7FEA38D-74AA-42B1-83CC-185DFBED0978}.Release|Any CPU.ActiveCfg = Release|Any CPU
		{C7FEA38D-74AA-42B1-83CC-185DFBED0978}.Release|Any CPU.Build.0 = Release|Any CPU
		{67541DED-21B0-49DA-B4AC-8BFEF202E166}.Debug|Any CPU.ActiveCfg = Debug|Any CPU
		{67541DED-21B0-49DA-B4AC-8BFEF202E166}.Debug|Any CPU.Build.0 = Debug|Any CPU
		{67541DED-21B0-49DA-B4AC-8BFEF202E166}.Release|Any CPU.ActiveCfg = Release|Any CPU
		{67541DED-21B0-49DA-B4AC-8BFEF202E166}.Release|Any CPU.Build.0 = Release|Any CPU
	EndGlobalSection
	GlobalSection(SolutionProperties) = preSolution
		HideSolutionNode = FALSE
	EndGlobalSection
	GlobalSection(ExtensibilityGlobals) = postSolution
		SolutionGuid = {E8ADEE5E-766D-4A5F-90F2-141DB8ACE175}
	EndGlobalSection
EndGlobal
